
Microsoft Visual Studio Solution File, Format Version 12.00
# Visual Studio Version 17
VisualStudioVersion = 17.13.35828.75 d17.13
MinimumVisualStudioVersion = 10.0.40219.1
Project("{FAE04EC0-301F-11D3-BF4B-00C04F79EFBC}") = "ClientSocketProgramming", "ClientSocketProgramming.csproj", "{F2FC9F84-8197-4429-91F0-A5093EDCF60D}"
EndProject
Global
	GlobalSection(SolutionConfigurationPlatforms) = preSolution
		Debug|Any CPU = Debug|Any CPU
		Release|Any CPU = Release|Any CPU
	EndGlobalSection
	GlobalSection(ProjectConfigurationPlatforms) = postSolution
		{F2FC9F84-8197-4429-91F0-A5093EDCF60D}.Debug|Any CPU.ActiveCfg = Debug|Any CPU
		{F2FC9F84-8197-4429-91F0-A5093EDCF60D}.Debug|Any CPU.Build.0 = Debug|Any CPU
		{F2FC9F84-8197-4429-91F0-A5093EDCF60D}.Release|Any CPU.ActiveCfg = Release|Any CPU
		{F2FC9F84-8197-4429-91F0-A5093EDCF60D}.Release|Any CPU.Build.0 = Release|Any CPU
	EndGlobalSection
	GlobalSection(SolutionProperties) = preSolution
		HideSolutionNode = FALSE
	EndGlobalSection
	GlobalSection(ExtensibilityGlobals) = postSolution
		SolutionGuid = {3B6D6087-D73D-42C8-B124-880D1CA34CDD}
	EndGlobalSection
EndGlobal
